<Solution>
  <Folder Name="/Solution Items/">
    <File Path=".github/workflows/publish.yml" />
    <File Path=".github/workflows/pull-request.yml" />
    <File Path="README.md" />
    <File Path="src/Directory.Build.props" />
    <File Path="src/Nuget.config" />
  </Folder>
  <Project Path="src/Microcharts.Droid/Microcharts.Droid.csproj" />
  <Project Path="src/Microcharts.iOS/Microcharts.iOS.csproj" />
  <Project Path="src/Microcharts.Maui/Microcharts.Maui.csproj" />
  <Project Path="src/Microcharts.Metapackage/Microcharts.Metapackage.csproj" />
  <Project Path="example/Microcharts.Samples.Android/Microcharts.Samples.Android.csproj" />
  <Project Path="example/Microcharts.Samples.iOS/Microcharts.Samples.iOS.csproj">
    <Platform Project="iPhoneSimulator" />
  </Project>
  <Project Path="example/Microcharts.Samples.Maui/Microcharts.Samples.Maui.csproj">
    <Deploy />
  </Project>
  <Project Path="example/Microcharts.Samples/Microcharts.Samples.csproj" />
  <Project Path="src/Microcharts/Microcharts.csproj" />
</Solution>
